{
    "_readme": [
        "This file locks the dependencies of your project to a known state",
        "Read more about it at https://getcomposer.org/doc/01-basic-usage.md#installing-dependencies",
        "This file is @generated automatically"
    ],
    "content-hash": "606c80ea62c3fbd5a88e91493ce6ae2c",
    "packages": [
        {
            "name": "psr/log",
            "version": "1.1.4",
            "source": {
                "type": "git",
                "url": "https://github.com/php-fig/log.git",
                "reference": "d49695b909c3b7628b6289db5479a1c204601f11"
            },
            "dist": {
                "type": "zip",
                "url": "https://api.github.com/repos/php-fig/log/zipball/d49695b909c3b7628b6289db5479a1c204601f11",
                "reference": "d49695b909c3b7628b6289db5479a1c204601f11",
                "shasum": ""
            },
            "require": {
                "php": ">=5.3.0"
            },
            "type": "library",
            "extra": {
                "branch-alias": {
                    "dev-master": "1.1.x-dev"
                }
            },
            "autoload": {
                "psr-4": {
                    "Psr\\Log\\": "Psr/Log/"
                }
            },
            "notification-url": "https://packagist.org/downloads/",
            "license": [
                "MIT"
            ],
            "authors": [
                {
                    "name": "PHP-FIG",
                    "homepage": "https://www.php-fig.org/"
                }
            ],
            "description": "Common interface for logging libraries",
            "homepage": "https://github.com/php-fig/log",
            "keywords": [
                "log",
                "psr",
                "psr-3"
            ],
            "support": {
                "source": "https://github.com/php-fig/log/tree/1.1.4"
            },
            "time": "2021-05-03T11:20:27+00:00"
        },
        {
            "name": "terrazza/logger",
            "version": "dev-main",
            "source": {
                "type": "git",
                "url": "https://github.com/terrazza/logger.git",
                "reference": "0aa201948c78dd15814b2d94efd3d157c21bc6aa"
            },
            "dist": {
                "type": "zip",
                "url": "https://api.github.com/repos/terrazza/logger/zipball/0aa201948c78dd15814b2d94efd3d157c21bc6aa",
                "reference": "0aa201948c78dd15814b2d94efd3d157c21bc6aa",
                "shasum": ""
            },
            "require": {
                "php": ">=7.4",
                "psr/log": "1.1.*"
            },
            "require-dev": {
                "phpunit/phpunit": "^9.3"
            },
            "default-branch": true,
            "type": "library",
            "autoload": {
                "psr-4": {
                    "Terrazza\\Component\\Logger\\": "src",
                    "Terrazza\\Component\\Logger\\Utility\\": "utility"
                }
            },
            "notification-url": "https://packagist.org/downloads/",
            "license": [
                "MIT"
            ],
            "authors": [
                {
                    "name": "Peter Fux",
                    "email": "it@noframework.io"
                }
            ],
            "description": "logger",
            "support": {
                "issues": "https://github.com/terrazza/logger/issues",
                "source": "https://github.com/terrazza/logger/tree/main"
            },
            "time": "2022-05-09T21:03:17+00:00"
        }
    ],
    "packages-dev": [],
    "aliases": [],
    "minimum-stability": "dev",
    "stability-flags": {
        "terrazza/logger": 20
    },
    "prefer-stable": false,
    "prefer-lowest": false,
    "platform": {
        "php": ">=7.4"
    },
    "platform-dev": [],
    "plugin-api-version": "2.1.0"
}
